// !$*UTF8*$!
{
	archiveVersion = 1;
	classes = {
	};
	objectVersion = 46;
	objects = {

/* Begin PBXBuildFile section */
		2E1022C21575281D00940B3C /* UIKit.framework in Frameworks */ = {isa = PBXBuildFile; fileRef = 2E1022C11575281D00940B3C /* UIKit.framework */; };
		2E1022C41575281D00940B3C /* Foundation.framework in Frameworks */ = {isa = PBXBuildFile; fileRef = 2E1022C31575281D00940B3C /* Foundation.framework */; };
		2E1022C61575281D00940B3C /* CoreGraphics.framework in Frameworks */ = {isa = PBXBuildFile; fileRef = 2E1022C51575281D00940B3C /* CoreGraphics.framework */; };
		2E1022CC1575281D00940B3C /* InfoPlist.strings in Resources */ = {isa = PBXBuildFile; fileRef = 2E1022CA1575281D00940B3C /* InfoPlist.strings */; };
		2E1022CE1575281D00940B3C /* main.m in Sources */ = {isa = PBXBuildFile; fileRef = 2E1022CD1575281D00940B3C /* main.m */; };
		2E1022D21575281D00940B3C /* AppDelegate.m in Sources */ = {isa = PBXBuildFile; fileRef = 2E1022D11575281D00940B3C /* AppDelegate.m */; };
		2E1022D51575281D00940B3C /* MainStoryboard.storyboard in Resources */ = {isa = PBXBuildFile; fileRef = 2E1022D31575281D00940B3C /* MainStoryboard.storyboard */; };
		2E1022D81575281D00940B3C /* ViewController.m in Sources */ = {isa = PBXBuildFile; fileRef = 2E1022D71575281D00940B3C /* ViewController.m */; };
		F481EB10157612C60038EA5B /* twitter_disabled.png in Resources */ = {isa = PBXBuildFile; fileRef = F481EB0D157612C60038EA5B /* twitter_disabled.png */; };
		F481EB12157612C60038EA5B /* skype_disabled.png in Resources */ = {isa = PBXBuildFile; fileRef = F481EB0F157612C60038EA5B /* skype_disabled.png */; };
		F481EB14157612F00038EA5B /* apple_disabled.png in Resources */ = {isa = PBXBuildFile; fileRef = F481EB13157612F00038EA5B /* apple_disabled.png */; };
		F481EB19157614D40038EA5B /* apple_enabled.png in Resources */ = {isa = PBXBuildFile; fileRef = F481EB16157614D40038EA5B /* apple_enabled.png */; };
		F481EB1A157614D40038EA5B /* skype_enabled.png in Resources */ = {isa = PBXBuildFile; fileRef = F481EB17157614D40038EA5B /* skype_enabled.png */; };
		F481EB1B157614D40038EA5B /* twitter_enabled.png in Resources */ = {isa = PBXBuildFile; fileRef = F481EB18157614D40038EA5B /* twitter_enabled.png */; };
/* End PBXBuildFile section */

/* Begin PBXFileReference section */
		2E1022BD1575281D00940B3C /* ImagePageControl.app */ = {isa = PBXFileReference; explicitFileType = wrapper.application; includeInIndex = 0; path = ImagePageControl.app; sourceTree = BUILT_PRODUCTS_DIR; };
		2E1022C11575281D00940B3C /* UIKit.framework */ = {isa = PBXFileReference; lastKnownFileType = wrapper.framework; name = UIKit.framework; path = System/Library/Frameworks/UIKit.framework; sourceTree = SDKROOT; };
		2E1022C31575281D00940B3C /* Foundation.framework */ = {isa = PBXFileReference; lastKnownFileType = wrapper.framework; name = Foundation.framework; path = System/Library/Frameworks/Foundation.framework; sourceTree = SDKROOT; };
		2E1022C51575281D00940B3C /* CoreGraphics.framework */ = {isa = PBXFileReference; lastKnownFileType = wrapper.framework; name = CoreGraphics.framework; path = System/Library/Frameworks/CoreGraphics.framework; sourceTree = SDKROOT; };
		2E1022C91575281D00940B3C /* ImagePageControl-Info.plist */ = {isa = PBXFileReference; lastKnownFileType = text.plist.xml; path = "ImagePageControl-Info.plist"; sourceTree = "<group>"; };
		2E1022CB1575281D00940B3C /* en */ = {isa = PBXFileReference; lastKnownFileType = text.plist.strings; name = en; path = en.lproj/InfoPlist.strings; sourceTree = "<group>"; };
		2E1022CD1575281D00940B3C /* main.m */ = {isa = PBXFileReference; lastKnownFileType = sourcecode.c.objc; path = main.m; sourceTree = "<group>"; };
		2E1022CF1575281D00940B3C /* ImagePageControl-Prefix.pch */ = {isa = PBXFileReference; lastKnownFileType = sourcecode.c.h; path = "ImagePageControl-Prefix.pch"; sourceTree = "<group>"; };
		2E1022D01575281D00940B3C /* AppDelegate.h */ = {isa = PBXFileReference; lastKnownFileType = sourcecode.c.h; path = AppDelegate.h; sourceTree = "<group>"; };
		2E1022D11575281D00940B3C /* AppDelegate.m */ = {isa = PBXFileReference; lastKnownFileType = sourcecode.c.objc; path = AppDelegate.m; sourceTree = "<group>"; };
		2E1022D41575281D00940B3C /* en */ = {isa = PBXFileReference; lastKnownFileType = file.storyboard; name = en; path = en.lproj/MainStoryboard.storyboard; sourceTree = "<group>"; };
		2E1022D61575281D00940B3C /* ViewController.h */ = {isa = PBXFileReference; lastKnownFileType = sourcecode.c.h; path = ViewController.h; sourceTree = "<group>"; };
		2E1022D71575281D00940B3C /* ViewController.m */ = {isa = PBXFileReference; lastKnownFileType = sourcecode.c.objc; path = ViewController.m; sourceTree = "<group>"; };
		F481EB0D157612C60038EA5B /* twitter_disabled.png */ = {isa = PBXFileReference; lastKnownFileType = image.png; path = twitter_disabled.png; sourceTree = "<group>"; };
		F481EB0F157612C60038EA5B /* skype_disabled.png */ = {isa = PBXFileReference; lastKnownFileType = image.png; path = skype_disabled.png; sourceTree = "<group>"; };
		F481EB13157612F00038EA5B /* apple_disabled.png */ = {isa = PBXFileReference; lastKnownFileType = image.png; path = apple_disabled.png; sourceTree = "<group>"; };
		F481EB151576132E0038EA5B /* Constants.h */ = {isa = PBXFileReference; fileEncoding = 4; lastKnownFileType = sourcecode.c.h; path = Constants.h; sourceTree = "<group>"; };
		F481EB16157614D40038EA5B /* apple_enabled.png */ = {isa = PBXFileReference; lastKnownFileType = image.png; path = apple_enabled.png; sourceTree = "<group>"; };
		F481EB17157614D40038EA5B /* skype_enabled.png */ = {isa = PBXFileReference; lastKnownFileType = image.png; path = skype_enabled.png; sourceTree = "<group>"; };
		F481EB18157614D40038EA5B /* twitter_enabled.png */ = {isa = PBXFileReference; lastKnownFileType = image.png; path = twitter_enabled.png; sourceTree = "<group>"; };
/* End PBXFileReference section */

/* Begin PBXFrameworksBuildPhase section */
		2E1022BA1575281D00940B3C /* Frameworks */ = {
			isa = PBXFrameworksBuildPhase;
			buildActionMask = 2147483647;
			files = (
				2E1022C21575281D00940B3C /* UIKit.framework in Frameworks */,
				2E1022C41575281D00940B3C /* Foundation.framework in Frameworks */,
				2E1022C61575281D00940B3C /* CoreGraphics.framework in Frameworks */,
			);
			runOnlyForDeploymentPostprocessing = 0;
		};
/* End PBXFrameworksBuildPhase section */

/* Begin PBXGroup section */
		2E1022B21575281D00940B3C = {
			isa = PBXGroup;
			children = (
				2E1022C71575281D00940B3C /* ImagePageControl */,
				2E1022C01575281D00940B3C /* Frameworks */,
				2E1022BE1575281D00940B3C /* Products */,
			);
			sourceTree = "<group>";
		};
		2E1022BE1575281D00940B3C /* Products */ = {
			isa = PBXGroup;
			children = (
				2E1022BD1575281D00940B3C /* ImagePageControl.app */,
			);
			name = Products;
			sourceTree = "<group>";
		};
		2E1022C01575281D00940B3C /* Frameworks */ = {
			isa = PBXGroup;
			children = (
				2E1022C11575281D00940B3C /* UIKit.framework */,
				2E1022C31575281D00940B3C /* Foundation.framework */,
				2E1022C51575281D00940B3C /* CoreGraphics.framework */,
			);
			name = Frameworks;
			sourceTree = "<group>";
		};
		2E1022C71575281D00940B3C /* ImagePageControl */ = {
			isa = PBXGroup;
			children = (
				2E1022D01575281D00940B3C /* AppDelegate.h */,
				2E1022D11575281D00940B3C /* AppDelegate.m */,
				2E1022D61575281D00940B3C /* ViewController.h */,
				2E1022D71575281D00940B3C /* ViewController.m */,
				2E1022C81575281D00940B3C /* Supporting Files */,
				F481EB0B157611D00038EA5B /* Resources */,
			);
			path = ImagePageControl;
			sourceTree = "<group>";
		};
		2E1022C81575281D00940B3C /* Supporting Files */ = {
			isa = PBXGroup;
			children = (
				2E1022C91575281D00940B3C /* ImagePageControl-Info.plist */,
				2E1022CA1575281D00940B3C /* InfoPlist.strings */,
				2E1022CD1575281D00940B3C /* main.m */,
				2E1022CF1575281D00940B3C /* ImagePageControl-Prefix.pch */,
				F481EB151576132E0038EA5B /* Constants.h */,
			);
			name = "Supporting Files";
			sourceTree = "<group>";
		};
		F481EB0B157611D00038EA5B /* Resources */ = {
			isa = PBXGroup;
			children = (
				F481EB13157612F00038EA5B /* apple_disabled.png */,
				F481EB0D157612C60038EA5B /* twitter_disabled.png */,
				F481EB0F157612C60038EA5B /* skype_disabled.png */,
				F481EB16157614D40038EA5B /* apple_enabled.png */,
				F481EB17157614D40038EA5B /* skype_enabled.png */,
				F481EB18157614D40038EA5B /* twitter_enabled.png */,
				2E1022D31575281D00940B3C /* MainStoryboard.storyboard */,
			);
			name = Resources;
			sourceTree = "<group>";
		};
/* End PBXGroup section */

/* Begin PBXNativeTarget section */
		2E1022BC1575281D00940B3C /* ImagePageControl */ = {
			isa = PBXNativeTarget;
			buildConfigurationList = 2E1022DB1575281D00940B3C /* Build configuration list for PBXNativeTarget "ImagePageControl" */;
			buildPhases = (
				2E1022B91575281D00940B3C /* Sources */,
				2E1022BA1575281D00940B3C /* Frameworks */,
				2E1022BB1575281D00940B3C /* Resources */,
			);
			buildRules = (
			);
			dependencies = (
			);
			name = ImagePageControl;
			productName = ImagePageControl;
			productReference = 2E1022BD1575281D00940B3C /* ImagePageControl.app */;
			productType = "com.apple.product-type.application";
		};
/* End PBXNativeTarget section */

/* Begin PBXProject section */
		2E1022B41575281D00940B3C /* Project object */ = {
			isa = PBXProject;
			attributes = {
				LastUpgradeCheck = 0420;
				ORGANIZATIONNAME = fsefsef;
			};
			buildConfigurationList = 2E1022B71575281D00940B3C /* Build configuration list for PBXProject "ImagePageControl" */;
			compatibilityVersion = "Xcode 3.2";
			developmentRegion = English;
			hasScannedForEncodings = 0;
			knownRegions = (
				en,
			);
			mainGroup = 2E1022B21575281D00940B3C;
			productRefGroup = 2E1022BE1575281D00940B3C /* Products */;
			projectDirPath = "";
			projectRoot = "";
			targets = (
				2E1022BC1575281D00940B3C /* ImagePageControl */,
			);
		};
/* End PBXProject section */

/* Begin PBXResourcesBuildPhase section */
		2E1022BB1575281D00940B3C /* Resources */ = {
			isa = PBXResourcesBuildPhase;
			buildActionMask = 2147483647;
			files = (
				2E1022CC1575281D00940B3C /* InfoPlist.strings in Resources */,
				2E1022D51575281D00940B3C /* MainStoryboard.storyboard in Resources */,
				F481EB10157612C60038EA5B /* twitter_disabled.png in Resources */,
				F481EB12157612C60038EA5B /* skype_disabled.png in Resources */,
				F481EB14157612F00038EA5B /* apple_disabled.png in Resources */,
				F481EB19157614D40038EA5B /* apple_enabled.png in Resources */,
				F481EB1A157614D40038EA5B /* skype_enabled.png in Resources */,
				F481EB1B157614D40038EA5B /* twitter_enabled.png in Resources */,
			);
			runOnlyForDeploymentPostprocessing = 0;
		};
/* End PBXResourcesBuildPhase section */

/* Begin PBXSourcesBuildPhase section */
		2E1022B91575281D00940B3C /* Sources */ = {
			isa = PBXSourcesBuildPhase;
			buildActionMask = 2147483647;
			files = (
				2E1022CE1575281D00940B3C /* main.m in Sources */,
				2E1022D21575281D00940B3C /* AppDelegate.m in Sources */,
				2E1022D81575281D00940B3C /* ViewController.m in Sources */,
			);
			runOnlyForDeploymentPostprocessing = 0;
		};
/* End PBXSourcesBuildPhase section */

/* Begin PBXVariantGroup section */
		2E1022CA1575281D00940B3C /* InfoPlist.strings */ = {
			isa = PBXVariantGroup;
			children = (
				2E1022CB1575281D00940B3C /* en */,
			);
			name = InfoPlist.strings;
			sourceTree = "<group>";
		};
		2E1022D31575281D00940B3C /* MainStoryboard.storyboard */ = {
			isa = PBXVariantGroup;
			children = (
				2E1022D41575281D00940B3C /* en */,
			);
			name = MainStoryboard.storyboard;
			sourceTree = "<group>";
		};
/* End PBXVariantGroup section */

/* Begin XCBuildConfiguration section */
		2E1022D91575281D00940B3C /* Debug */ = {
			isa = XCBuildConfiguration;
			buildSettings = {
				ALWAYS_SEARCH_USER_PATHS = NO;
				ARCHS = "$(ARCHS_STANDARD_32_BIT)";
				CLANG_ENABLE_OBJC_ARC = YES;
				"CODE_SIGN_IDENTITY[sdk=iphoneos*]" = "iPhone Developer";
				COPY_PHASE_STRIP = NO;
				GCC_C_LANGUAGE_STANDARD = gnu99;
				GCC_DYNAMIC_NO_PIC = NO;
				GCC_OPTIMIZATION_LEVEL = 0;
				GCC_PREPROCESSOR_DEFINITIONS = (
					"DEBUG=1",
					"$(inherited)",
				);
				GCC_SYMBOLS_PRIVATE_EXTERN = NO;
				GCC_VERSION = com.apple.compilers.llvm.clang.1_0;
				GCC_WARN_ABOUT_MISSING_PROTOTYPES = YES;
				GCC_WARN_ABOUT_RETURN_TYPE = YES;
				GCC_WARN_UNUSED_VARIABLE = YES;
				IPHONEOS_DEPLOYMENT_TARGET = 5.0;
				SDKROOT = iphoneos;
			};
			name = Debug;
		};
		2E1022DA1575281D00940B3C /* Release */ = {
			isa = XCBuildConfiguration;
			buildSettings = {
				ALWAYS_SEARCH_USER_PATHS = NO;
				ARCHS = "$(ARCHS_STANDARD_32_BIT)";
				CLANG_ENABLE_OBJC_ARC = YES;
				"CODE_SIGN_IDENTITY[sdk=iphoneos*]" = "iPhone Developer";
				COPY_PHASE_STRIP = YES;
				GCC_C_LANGUAGE_STANDARD = gnu99;
				GCC_VERSION = com.apple.compilers.llvm.clang.1_0;
				GCC_WARN_ABOUT_MISSING_PROTOTYPES = YES;
				GCC_WARN_ABOUT_RETURN_TYPE = YES;
				GCC_WARN_UNUSED_VARIABLE = YES;
				IPHONEOS_DEPLOYMENT_TARGET = 5.0;
				OTHER_CFLAGS = "-DNS_BLOCK_ASSERTIONS=1";
				SDKROOT = iphoneos;
				VALIDATE_PRODUCT = YES;
			};
			name = Release;
		};
		2E1022DC1575281D00940B3C /* Debug */ = {
			isa = XCBuildConfiguration;
			buildSettings = {
				GCC_PRECOMPILE_PREFIX_HEADER = YES;
				GCC_PREFIX_HEADER = "ImagePageControl/ImagePageControl-Prefix.pch";
				INFOPLIST_FILE = "ImagePageControl/ImagePageControl-Info.plist";
				PRODUCT_NAME = "$(TARGET_NAME)";
				WRAPPER_EXTENSION = app;
			};
			name = Debug;
		};
		2E1022DD1575281D00940B3C /* Release */ = {
			isa = XCBuildConfiguration;
			buildSettings = {
				GCC_PRECOMPILE_PREFIX_HEADER = YES;
				GCC_PREFIX_HEADER = "ImagePageControl/ImagePageControl-Prefix.pch";
				INFOPLIST_FILE = "ImagePageControl/ImagePageControl-Info.plist";
				PRODUCT_NAME = "$(TARGET_NAME)";
				WRAPPER_EXTENSION = app;
			};
			name = Release;
		};
/* End XCBuildConfiguration section */

/* Begin XCConfigurationList section */
		2E1022B71575281D00940B3C /* Build configuration list for PBXProject "ImagePageControl" */ = {
			isa = XCConfigurationList;
			buildConfigurations = (
				2E1022D91575281D00940B3C /* Debug */,
				2E1022DA1575281D00940B3C /* Release */,
			);
			defaultConfigurationIsVisible = 0;
			defaultConfigurationName = Release;
		};
		2E1022DB1575281D00940B3C /* Build configuration list for PBXNativeTarget "ImagePageControl" */ = {
			isa = XCConfigurationList;
			buildConfigurations = (
				2E1022DC1575281D00940B3C /* Debug */,
				2E1022DD1575281D00940B3C /* Release */,
			);
			defaultConfigurationIsVisible = 0;
			defaultConfigurationName = Release;
		};
/* End XCConfigurationList section */
	};
	rootObject = 2E1022B41575281D00940B3C /* Project object */;
}
